
Microsoft Visual Studio Solution File, Format Version 12.00
# Visual Studio Version 17
VisualStudioVersion = 17.5.33627.172
MinimumVisualStudioVersion = 10.0.40219.1
Project("{FAE04EC0-301F-11D3-BF4B-00C04F79EFBC}") = "MyChat", "MyChat.csproj", "{654C0A94-7373-4004-BB43-1713853E31FF}"
EndProject
Global
	GlobalSection(SolutionConfigurationPlatforms) = preSolution
		Debug|Any CPU = Debug|Any CPU
		Release|Any CPU = Release|Any CPU
	EndGlobalSection
	GlobalSection(ProjectConfigurationPlatforms) = postSolution
		{654C0A94-7373-4004-BB43-1713853E31FF}.Debug|Any CPU.ActiveCfg = Debug|Any CPU
		{654C0A94-7373-4004-BB43-1713853E31FF}.Debug|Any CPU.Build.0 = Debug|Any CPU
		{654C0A94-7373-4004-BB43-1713853E31FF}.Release|Any CPU.ActiveCfg = Release|Any CPU
		{654C0A94-7373-4004-BB43-1713853E31FF}.Release|Any CPU.Build.0 = Release|Any CPU
	EndGlobalSection
	GlobalSection(SolutionProperties) = preSolution
		HideSolutionNode = FALSE
	EndGlobalSection
	GlobalSection(ExtensibilityGlobals) = postSolution
		SolutionGuid = {BE9280B8-5305-4122-8E3C-CB9E4B90A62B}
	EndGlobalSection
EndGlobal
